
Microsoft Visual Studio Solution File, Format Version 12.00
# Visual Studio 14
VisualStudioVersion = 14.0.25420.1
MinimumVisualStudioVersion = 10.0.40219.1
Project("{FAE04EC0-301F-11D3-BF4B-00C04F79EFBC}") = "DhansSsBusinessManager", "DhansSsBusinessManager.csproj", "{DC30CE66-DAEE-4CCF-BD02-8837FE918B6F}"
EndProject
Project("{FAE04EC0-301F-11D3-BF4B-00C04F79EFBC}") = "BackGroundTasks", "BackGroundTaskProject\BackGroundTasks\BackGroundTasks.csproj", "{63104ABF-D615-4611-9E1C-97DB09EF4B32}"
EndProject
Global
	GlobalSection(SolutionConfigurationPlatforms) = preSolution
		Debug|Any CPU = Debug|Any CPU
		Debug|ARM = Debug|ARM
		Debug|x64 = Debug|x64
		Debug|x86 = Debug|x86
		Release|Any CPU = Release|Any CPU
		Release|ARM = Release|ARM
		Release|x64 = Release|x64
		Release|x86 = Release|x86
	EndGlobalSection
	GlobalSection(ProjectConfigurationPlatforms) = postSolution
		{DC30CE66-DAEE-4CCF-BD02-8837FE918B6F}.Debug|Any CPU.ActiveCfg = Debug|x86
		{DC30CE66-DAEE-4CCF-BD02-8837FE918B6F}.Debug|ARM.ActiveCfg = Debug|ARM
		{DC30CE66-DAEE-4CCF-BD02-8837FE918B6F}.Debug|ARM.Build.0 = Debug|ARM
		{DC30CE66-DAEE-4CCF-BD02-8837FE918B6F}.Debug|ARM.Deploy.0 = Debug|ARM
		{DC30CE66-DAEE-4CCF-BD02-8837FE918B6F}.Debug|x64.ActiveCfg = Debug|x64
		{DC30CE66-DAEE-4CCF-BD02-8837FE918B6F}.Debug|x64.Build.0 = Debug|x64
		{DC30CE66-DAEE-4CCF-BD02-8837FE918B6F}.Debug|x64.Deploy.0 = Debug|x64
		{DC30CE66-DAEE-4CCF-BD02-8837FE918B6F}.Debug|x86.ActiveCfg = Debug|x86
		{DC30CE66-DAEE-4CCF-BD02-8837FE918B6F}.Debug|x86.Build.0 = Debug|x86
		{DC30CE66-DAEE-4CCF-BD02-8837FE918B6F}.Debug|x86.Deploy.0 = Debug|x86
		{DC30CE66-DAEE-4CCF-BD02-8837FE918B6F}.Release|Any CPU.ActiveCfg = Release|x86
		{DC30CE66-DAEE-4CCF-BD02-8837FE918B6F}.Release|ARM.ActiveCfg = Debug|x64
		{DC30CE66-DAEE-4CCF-BD02-8837FE918B6F}.Release|ARM.Build.0 = Debug|x64
		{DC30CE66-DAEE-4CCF-BD02-8837FE918B6F}.Release|ARM.Deploy.0 = Debug|x64
		{DC30CE66-DAEE-4CCF-BD02-8837FE918B6F}.Release|x64.ActiveCfg = Debug|x64
		{DC30CE66-DAEE-4CCF-BD02-8837FE918B6F}.Release|x64.Build.0 = Debug|x64
		{DC30CE66-DAEE-4CCF-BD02-8837FE918B6F}.Release|x64.Deploy.0 = Debug|x64
		{DC30CE66-DAEE-4CCF-BD02-8837FE918B6F}.Release|x86.ActiveCfg = Debug|x64
		{DC30CE66-DAEE-4CCF-BD02-8837FE918B6F}.Release|x86.Build.0 = Debug|x64
		{DC30CE66-DAEE-4CCF-BD02-8837FE918B6F}.Release|x86.Deploy.0 = Debug|x64
		{63104ABF-D615-4611-9E1C-97DB09EF4B32}.Debug|Any CPU.ActiveCfg = Debug|Any CPU
		{63104ABF-D615-4611-9E1C-97DB09EF4B32}.Debug|Any CPU.Build.0 = Debug|Any CPU
		{63104ABF-D615-4611-9E1C-97DB09EF4B32}.Debug|ARM.ActiveCfg = Debug|ARM
		{63104ABF-D615-4611-9E1C-97DB09EF4B32}.Debug|ARM.Build.0 = Debug|ARM
		{63104ABF-D615-4611-9E1C-97DB09EF4B32}.Debug|x64.ActiveCfg = Debug|x64
		{63104ABF-D615-4611-9E1C-97DB09EF4B32}.Debug|x64.Build.0 = Debug|x64
		{63104ABF-D615-4611-9E1C-97DB09EF4B32}.Debug|x86.ActiveCfg = Debug|x86
		{63104ABF-D615-4611-9E1C-97DB09EF4B32}.Debug|x86.Build.0 = Debug|x86
		{63104ABF-D615-4611-9E1C-97DB09EF4B32}.Release|Any CPU.ActiveCfg = Release|Any CPU
		{63104ABF-D615-4611-9E1C-97DB09EF4B32}.Release|Any CPU.Build.0 = Release|Any CPU
		{63104ABF-D615-4611-9E1C-97DB09EF4B32}.Release|ARM.ActiveCfg = Release|ARM
		{63104ABF-D615-4611-9E1C-97DB09EF4B32}.Release|ARM.Build.0 = Release|ARM
		{63104ABF-D615-4611-9E1C-97DB09EF4B32}.Release|x64.ActiveCfg = Release|x64
		{63104ABF-D615-4611-9E1C-97DB09EF4B32}.Release|x64.Build.0 = Release|x64
		{63104ABF-D615-4611-9E1C-97DB09EF4B32}.Release|x86.ActiveCfg = Release|x86
		{63104ABF-D615-4611-9E1C-97DB09EF4B32}.Release|x86.Build.0 = Release|x86
	EndGlobalSection
	GlobalSection(SolutionProperties) = preSolution
		HideSolutionNode = FALSE
	EndGlobalSection
	GlobalSection(TeamFoundationVersionControl) = preSolution
		SccNumberOfProjects = 3
		SccEnterpriseProvider = {4CA58AB2-18FA-4F8D-95D4-32DDF27D184C}
		SccTeamFoundationServer = https://mrunalkanta4u.visualstudio.com/
		SccLocalPath0 = .
		SccProjectUniqueName1 = DhansSsBusinessManager.csproj
		SccLocalPath1 = .
		SccProjectUniqueName2 = BackGroundTaskProject\\BackGroundTasks\\BackGroundTasks.csproj
		SccProjectName2 = BackGroundTaskProject/BackGroundTasks
		SccLocalPath2 = BackGroundTaskProject\\BackGroundTasks
	EndGlobalSection
EndGlobal
